{
  "name": "paradoxv2",
  "version": "1.0.0",
  "lockfileVersion": 2,
  "requires": true,
  "packages": {
    "": {
      "name": "paradoxv2",
      "version": "1.0.0",
      "license": "ISC",
      "dependencies": {
        "@ignatiusmb/scramble": "^3.0.1"
      }
    },
    "node_modules/@ignatiusmb/scramble": {
      "version": "3.0.1",
      "resolved": "https://registry.npmjs.org/@ignatiusmb/scramble/-/scramble-3.0.1.tgz",
      "integrity": "sha512-MDGlB9FeSDGCPNxJTHy4fgaaRLgtcsaFY7X5N/QVloRLZBuxq3fT05jMaVo+w1f8AcDXqlz4HKrbMfI1lrUT9Q=="
    }
  },
  "dependencies": {
    "@ignatiusmb/scramble": {
      "version": "3.0.1",
      "resolved": "https://registry.npmjs.org/@ignatiusmb/scramble/-/scramble-3.0.1.tgz",
      "integrity": "sha512-MDGlB9FeSDGCPNxJTHy4fgaaRLgtcsaFY7X5N/QVloRLZBuxq3fT05jMaVo+w1f8AcDXqlz4HKrbMfI1lrUT9Q=="
    }
  }
}
